
Microsoft Visual Studio Solution File, Format Version 12.00
# Visual Studio 15
VisualStudioVersion = 15.0.28307.645
MinimumVisualStudioVersion = 10.0.40219.1
Project("{FAE04EC0-301F-11D3-BF4B-00C04F79EFBC}") = "IncomeAndExpenditureWebAPI-CW", "IncomeAndExpenditureWebAPI-CW\IncomeAndExpenditureWebAPI-CW.csproj", "{2F4D38BB-0CF3-4F4F-83FE-37937C8D6830}"
EndProject
Project("{FAE04EC0-301F-11D3-BF4B-00C04F79EFBC}") = "IncomeAndExpenditureModel", "IncomeAndExpenditureModel\IncomeAndExpenditureModel.csproj", "{6E7612DB-D49F-4D97-ADA0-E273DD175229}"
EndProject
Global
	GlobalSection(SolutionConfigurationPlatforms) = preSolution
		Debug|Any CPU = Debug|Any CPU
		Release|Any CPU = Release|Any CPU
	EndGlobalSection
	GlobalSection(ProjectConfigurationPlatforms) = postSolution
		{2F4D38BB-0CF3-4F4F-83FE-37937C8D6830}.Debug|Any CPU.ActiveCfg = Debug|Any CPU
		{2F4D38BB-0CF3-4F4F-83FE-37937C8D6830}.Debug|Any CPU.Build.0 = Debug|Any CPU
		{2F4D38BB-0CF3-4F4F-83FE-37937C8D6830}.Release|Any CPU.ActiveCfg = Release|Any CPU
		{2F4D38BB-0CF3-4F4F-83FE-37937C8D6830}.Release|Any CPU.Build.0 = Release|Any CPU
		{6E7612DB-D49F-4D97-ADA0-E273DD175229}.Debug|Any CPU.ActiveCfg = Debug|Any CPU
		{6E7612DB-D49F-4D97-ADA0-E273DD175229}.Debug|Any CPU.Build.0 = Debug|Any CPU
		{6E7612DB-D49F-4D97-ADA0-E273DD175229}.Release|Any CPU.ActiveCfg = Release|Any CPU
		{6E7612DB-D49F-4D97-ADA0-E273DD175229}.Release|Any CPU.Build.0 = Release|Any CPU
	EndGlobalSection
	GlobalSection(SolutionProperties) = preSolution
		HideSolutionNode = FALSE
	EndGlobalSection
	GlobalSection(ExtensibilityGlobals) = postSolution
		SolutionGuid = {085CFD28-E295-452F-A507-22AF055047D1}
	EndGlobalSection
EndGlobal
